
Microsoft Visual Studio Solution File, Format Version 12.00
# Visual Studio Version 17
VisualStudioVersion = 17.9.34701.34
MinimumVisualStudioVersion = 10.0.40219.1
Project("{FAE04EC0-301F-11D3-BF4B-00C04F79EFBC}") = "TodoAppWebApi", "TodoAppWebApi\TodoAppWebApi.csproj", "{5D9C24B3-9D2F-431F-B6DF-9E4C0BE490EB}"
EndProject
Project("{FAE04EC0-301F-11D3-BF4B-00C04F79EFBC}") = "DataAccess", "DataAccess\DataAccess.csproj", "{8C8FC862-D83D-4A76-A986-FDC279EAB532}"
EndProject
Global
	GlobalSection(SolutionConfigurationPlatforms) = preSolution
		Debug|Any CPU = Debug|Any CPU
		Release|Any CPU = Release|Any CPU
	EndGlobalSection
	GlobalSection(ProjectConfigurationPlatforms) = postSolution
		{5D9C24B3-9D2F-431F-B6DF-9E4C0BE490EB}.Debug|Any CPU.ActiveCfg = Debug|Any CPU
		{5D9C24B3-9D2F-431F-B6DF-9E4C0BE490EB}.Debug|Any CPU.Build.0 = Debug|Any CPU
		{5D9C24B3-9D2F-431F-B6DF-9E4C0BE490EB}.Release|Any CPU.ActiveCfg = Release|Any CPU
		{5D9C24B3-9D2F-431F-B6DF-9E4C0BE490EB}.Release|Any CPU.Build.0 = Release|Any CPU
		{8C8FC862-D83D-4A76-A986-FDC279EAB532}.Debug|Any CPU.ActiveCfg = Debug|Any CPU
		{8C8FC862-D83D-4A76-A986-FDC279EAB532}.Debug|Any CPU.Build.0 = Debug|Any CPU
		{8C8FC862-D83D-4A76-A986-FDC279EAB532}.Release|Any CPU.ActiveCfg = Release|Any CPU
		{8C8FC862-D83D-4A76-A986-FDC279EAB532}.Release|Any CPU.Build.0 = Release|Any CPU
	EndGlobalSection
	GlobalSection(SolutionProperties) = preSolution
		HideSolutionNode = FALSE
	EndGlobalSection
	GlobalSection(ExtensibilityGlobals) = postSolution
		SolutionGuid = {A72F0A83-2046-4855-B265-E2E091524857}
	EndGlobalSection
EndGlobal
